// !$*UTF8*$!
{
	archiveVersion = 1;
	classes = {
	};
	objectVersion = 48;
	objects = {

/* Begin PBXBuildFile section */
		2C73DF37632959C6A262009A /* Pods_HealthKit_Test.framework in Frameworks */ = {isa = PBXBuildFile; fileRef = ADC1C87028A525DF2C7A0344 /* Pods_HealthKit_Test.framework */; };
		AA0E14981EFFDA3A005EF648 /* HealthKitManager.swift in Sources */ = {isa = PBXBuildFile; fileRef = AA0E14971EFFDA3A005EF648 /* HealthKitManager.swift */; };
		AA89F2761FD7203900EF2A7E /* ZeroCellTableViewCell.swift in Sources */ = {isa = PBXBuildFile; fileRef = AA89F2751FD7203900EF2A7E /* ZeroCellTableViewCell.swift */; };
		AA8C0F431EFE6625005864BE /* AppDelegate.swift in Sources */ = {isa = PBXBuildFile; fileRef = AA8C0F421EFE6625005864BE /* AppDelegate.swift */; };
		AA8C0F451EFE6625005864BE /* ActivityViewController.swift in Sources */ = {isa = PBXBuildFile; fileRef = AA8C0F441EFE6625005864BE /* ActivityViewController.swift */; };
		AA8C0F481EFE6625005864BE /* Main.storyboard in Resources */ = {isa = PBXBuildFile; fileRef = AA8C0F461EFE6625005864BE /* Main.storyboard */; };
		AA8C0F4A1EFE6625005864BE /* Assets.xcassets in Resources */ = {isa = PBXBuildFile; fileRef = AA8C0F491EFE6625005864BE /* Assets.xcassets */; };
		AA8C0F4D1EFE6625005864BE /* LaunchScreen.storyboard in Resources */ = {isa = PBXBuildFile; fileRef = AA8C0F4B1EFE6625005864BE /* LaunchScreen.storyboard */; };
		AA8C0F571EFE66A5005864BE /* HealthKit.framework in Frameworks */ = {isa = PBXBuildFile; fileRef = AA8C0F561EFE66A5005864BE /* HealthKit.framework */; };
/* End PBXBuildFile section */

/* Begin PBXFileReference section */
		AA0E14971EFFDA3A005EF648 /* HealthKitManager.swift */ = {isa = PBXFileReference; lastKnownFileType = sourcecode.swift; path = HealthKitManager.swift; sourceTree = "<group>"; };
		AA89F2751FD7203900EF2A7E /* ZeroCellTableViewCell.swift */ = {isa = PBXFileReference; lastKnownFileType = sourcecode.swift; path = ZeroCellTableViewCell.swift; sourceTree = "<group>"; };
		AA8C0F3F1EFE6625005864BE /* HealthKit-Test.app */ = {isa = PBXFileReference; explicitFileType = wrapper.application; includeInIndex = 0; path = "HealthKit-Test.app"; sourceTree = BUILT_PRODUCTS_DIR; };
		AA8C0F421EFE6625005864BE /* AppDelegate.swift */ = {isa = PBXFileReference; lastKnownFileType = sourcecode.swift; path = AppDelegate.swift; sourceTree = "<group>"; };
		AA8C0F441EFE6625005864BE /* ActivityViewController.swift */ = {isa = PBXFileReference; lastKnownFileType = sourcecode.swift; path = ActivityViewController.swift; sourceTree = "<group>"; };
		AA8C0F471EFE6625005864BE /* Base */ = {isa = PBXFileReference; lastKnownFileType = file.storyboard; name = Base; path = Base.lproj/Main.storyboard; sourceTree = "<group>"; };
		AA8C0F491EFE6625005864BE /* Assets.xcassets */ = {isa = PBXFileReference; lastKnownFileType = folder.assetcatalog; path = Assets.xcassets; sourceTree = "<group>"; };
		AA8C0F4C1EFE6625005864BE /* Base */ = {isa = PBXFileReference; lastKnownFileType = file.storyboard; name = Base; path = Base.lproj/LaunchScreen.storyboard; sourceTree = "<group>"; };
		AA8C0F4E1EFE6625005864BE /* Info.plist */ = {isa = PBXFileReference; lastKnownFileType = text.plist.xml; path = Info.plist; sourceTree = "<group>"; };
		AA8C0F541EFE66A5005864BE /* HealthKit-Test.entitlements */ = {isa = PBXFileReference; lastKnownFileType = text.plist.entitlements; path = "HealthKit-Test.entitlements"; sourceTree = "<group>"; };
		AA8C0F561EFE66A5005864BE /* HealthKit.framework */ = {isa = PBXFileReference; lastKnownFileType = wrapper.framework; name = HealthKit.framework; path = System/Library/Frameworks/HealthKit.framework; sourceTree = SDKROOT; };
		ADC1C87028A525DF2C7A0344 /* Pods_HealthKit_Test.framework */ = {isa = PBXFileReference; explicitFileType = wrapper.framework; includeInIndex = 0; path = Pods_HealthKit_Test.framework; sourceTree = BUILT_PRODUCTS_DIR; };
		B3FEF9810478BB49DED6CF9A /* Pods-HealthKit-Test.release.xcconfig */ = {isa = PBXFileReference; includeInIndex = 1; lastKnownFileType = text.xcconfig; name = "Pods-HealthKit-Test.release.xcconfig"; path = "Pods/Target Support Files/Pods-HealthKit-Test/Pods-HealthKit-Test.release.xcconfig"; sourceTree = "<group>"; };
		EEB77682E5E2B4FD16B0742D /* Pods-HealthKit-Test.debug.xcconfig */ = {isa = PBXFileReference; includeInIndex = 1; lastKnownFileType = text.xcconfig; name = "Pods-HealthKit-Test.debug.xcconfig"; path = "Pods/Target Support Files/Pods-HealthKit-Test/Pods-HealthKit-Test.debug.xcconfig"; sourceTree = "<group>"; };
/* End PBXFileReference section */

/* Begin PBXFrameworksBuildPhase section */
		AA8C0F3C1EFE6625005864BE /* Frameworks */ = {
			isa = PBXFrameworksBuildPhase;
			buildActionMask = 2147483647;
			files = (
				AA8C0F571EFE66A5005864BE /* HealthKit.framework in Frameworks */,
				2C73DF37632959C6A262009A /* Pods_HealthKit_Test.framework in Frameworks */,
			);
			runOnlyForDeploymentPostprocessing = 0;
		};
/* End PBXFrameworksBuildPhase section */

/* Begin PBXGroup section */
		AA8C0F361EFE6625005864BE = {
			isa = PBXGroup;
			children = (
				AA8C0F411EFE6625005864BE /* HealthKit-Test */,
				AA8C0F401EFE6625005864BE /* Products */,
				AA8C0F551EFE66A5005864BE /* Frameworks */,
				DCA3B7B6F2013107C05ECBFA /* Pods */,
			);
			sourceTree = "<group>";
		};
		AA8C0F401EFE6625005864BE /* Products */ = {
			isa = PBXGroup;
			children = (
				AA8C0F3F1EFE6625005864BE /* HealthKit-Test.app */,
			);
			name = Products;
			sourceTree = "<group>";
		};
		AA8C0F411EFE6625005864BE /* HealthKit-Test */ = {
			isa = PBXGroup;
			children = (
				AA8C0F541EFE66A5005864BE /* HealthKit-Test.entitlements */,
				AA8C0F421EFE6625005864BE /* AppDelegate.swift */,
				AA8C0F441EFE6625005864BE /* ActivityViewController.swift */,
				AA89F2751FD7203900EF2A7E /* ZeroCellTableViewCell.swift */,
				AA0E14971EFFDA3A005EF648 /* HealthKitManager.swift */,
				AA8C0F4B1EFE6625005864BE /* LaunchScreen.storyboard */,
				AA8C0F461EFE6625005864BE /* Main.storyboard */,
				AA8C0F491EFE6625005864BE /* Assets.xcassets */,
				AA8C0F4E1EFE6625005864BE /* Info.plist */,
			);
			path = "HealthKit-Test";
			sourceTree = "<group>";
		};
		AA8C0F551EFE66A5005864BE /* Frameworks */ = {
			isa = PBXGroup;
			children = (
				AA8C0F561EFE66A5005864BE /* HealthKit.framework */,
				ADC1C87028A525DF2C7A0344 /* Pods_HealthKit_Test.framework */,
			);
			name = Frameworks;
			sourceTree = "<group>";
		};
		DCA3B7B6F2013107C05ECBFA /* Pods */ = {
			isa = PBXGroup;
			children = (
				EEB77682E5E2B4FD16B0742D /* Pods-HealthKit-Test.debug.xcconfig */,
				B3FEF9810478BB49DED6CF9A /* Pods-HealthKit-Test.release.xcconfig */,
			);
			name = Pods;
			sourceTree = "<group>";
		};
/* End PBXGroup section */

/* Begin PBXNativeTarget section */
		AA8C0F3E1EFE6625005864BE /* HealthKit-Test */ = {
			isa = PBXNativeTarget;
			buildConfigurationList = AA8C0F511EFE6625005864BE /* Build configuration list for PBXNativeTarget "HealthKit-Test" */;
			buildPhases = (
				4693EA7E4BEDAF15631A357B /* [CP] Check Pods Manifest.lock */,
				AA8C0F3B1EFE6625005864BE /* Sources */,
				AA8C0F3C1EFE6625005864BE /* Frameworks */,
				AAAFC2F41F05700600AB1F48 /* ShellScript */,
				AA8C0F3D1EFE6625005864BE /* Resources */,
				AAAFC2F51F05701100AB1F48 /* ShellScript */,
				AF62CDED47B9881834F0ADC8 /* [CP] Embed Pods Frameworks */,
			);
			buildRules = (
			);
			dependencies = (
			);
			name = "HealthKit-Test";
			productName = "HealthKit-Test";
			productReference = AA8C0F3F1EFE6625005864BE /* HealthKit-Test.app */;
			productType = "com.apple.product-type.application";
		};
/* End PBXNativeTarget section */

/* Begin PBXProject section */
		AA8C0F371EFE6625005864BE /* Project object */ = {
			isa = PBXProject;
			attributes = {
				LastSwiftUpdateCheck = 0900;
				LastUpgradeCheck = 0940;
				ORGANIZATIONNAME = Steve;
				TargetAttributes = {
					AA8C0F3E1EFE6625005864BE = {
						CreatedOnToolsVersion = 9.0;
						SystemCapabilities = {
							com.apple.HealthKit = {
								enabled = 1;
							};
						};
					};
				};
			};
			buildConfigurationList = AA8C0F3A1EFE6625005864BE /* Build configuration list for PBXProject "HealthKit-Test" */;
			compatibilityVersion = "Xcode 8.0";
			developmentRegion = en;
			hasScannedForEncodings = 0;
			knownRegions = (
				en,
				Base,
			);
			mainGroup = AA8C0F361EFE6625005864BE;
			productRefGroup = AA8C0F401EFE6625005864BE /* Products */;
			projectDirPath = "";
			projectRoot = "";
			targets = (
				AA8C0F3E1EFE6625005864BE /* HealthKit-Test */,
			);
		};
/* End PBXProject section */

/* Begin PBXResourcesBuildPhase section */
		AA8C0F3D1EFE6625005864BE /* Resources */ = {
			isa = PBXResourcesBuildPhase;
			buildActionMask = 2147483647;
			files = (
				AA8C0F4D1EFE6625005864BE /* LaunchScreen.storyboard in Resources */,
				AA8C0F4A1EFE6625005864BE /* Assets.xcassets in Resources */,
				AA8C0F481EFE6625005864BE /* Main.storyboard in Resources */,
			);
			runOnlyForDeploymentPostprocessing = 0;
		};
/* End PBXResourcesBuildPhase section */

/* Begin PBXShellScriptBuildPhase section */
		4693EA7E4BEDAF15631A357B /* [CP] Check Pods Manifest.lock */ = {
			isa = PBXShellScriptBuildPhase;
			buildActionMask = 2147483647;
			files = (
			);
			inputPaths = (
				"${PODS_PODFILE_DIR_PATH}/Podfile.lock",
				"${PODS_ROOT}/Manifest.lock",
			);
			name = "[CP] Check Pods Manifest.lock";
			outputPaths = (
				"$(DERIVED_FILE_DIR)/Pods-HealthKit-Test-checkManifestLockResult.txt",
			);
			runOnlyForDeploymentPostprocessing = 0;
			shellPath = /bin/sh;
			shellScript = "diff \"${PODS_PODFILE_DIR_PATH}/Podfile.lock\" \"${PODS_ROOT}/Manifest.lock\" > /dev/null\nif [ $? != 0 ] ; then\n    # print error to STDERR\n    echo \"error: The sandbox is not in sync with the Podfile.lock. Run 'pod install' or update your CocoaPods installation.\" >&2\n    exit 1\nfi\n# This output is used by Xcode 'outputs' to avoid re-running this script phase.\necho \"SUCCESS\" > \"${SCRIPT_OUTPUT_FILE_0}\"\n";
			showEnvVarsInLog = 0;
		};
		AAAFC2F41F05700600AB1F48 /* ShellScript */ = {
			isa = PBXShellScriptBuildPhase;
			buildActionMask = 2147483647;
			files = (
			);
			inputPaths = (
			);
			outputPaths = (
			);
			runOnlyForDeploymentPostprocessing = 0;
			shellPath = /bin/sh;
			shellScript = ./updateSplashScreen.sh;
		};
		AAAFC2F51F05701100AB1F48 /* ShellScript */ = {
			isa = PBXShellScriptBuildPhase;
			buildActionMask = 2147483647;
			files = (
			);
			inputPaths = (
			);
			outputPaths = (
			);
			runOnlyForDeploymentPostprocessing = 0;
			shellPath = /bin/sh;
			shellScript = ./updateBuildVersionNumber.sh;
		};
		AF62CDED47B9881834F0ADC8 /* [CP] Embed Pods Frameworks */ = {
			isa = PBXShellScriptBuildPhase;
			buildActionMask = 2147483647;
			files = (
			);
			inputPaths = (
				"${SRCROOT}/Pods/Target Support Files/Pods-HealthKit-Test/Pods-HealthKit-Test-frameworks.sh",
				"${BUILT_PRODUCTS_DIR}/Charts/Charts.framework",
			);
			name = "[CP] Embed Pods Frameworks";
			outputPaths = (
				"${TARGET_BUILD_DIR}/${FRAMEWORKS_FOLDER_PATH}/Charts.framework",
			);
			runOnlyForDeploymentPostprocessing = 0;
			shellPath = /bin/sh;
			shellScript = "\"${SRCROOT}/Pods/Target Support Files/Pods-HealthKit-Test/Pods-HealthKit-Test-frameworks.sh\"\n";
			showEnvVarsInLog = 0;
		};
/* End PBXShellScriptBuildPhase section */

/* Begin PBXSourcesBuildPhase section */
		AA8C0F3B1EFE6625005864BE /* Sources */ = {
			isa = PBXSourcesBuildPhase;
			buildActionMask = 2147483647;
			files = (
				AA8C0F451EFE6625005864BE /* ActivityViewController.swift in Sources */,
				AA89F2761FD7203900EF2A7E /* ZeroCellTableViewCell.swift in Sources */,
				AA8C0F431EFE6625005864BE /* AppDelegate.swift in Sources */,
				AA0E14981EFFDA3A005EF648 /* HealthKitManager.swift in Sources */,
			);
			runOnlyForDeploymentPostprocessing = 0;
		};
/* End PBXSourcesBuildPhase section */

/* Begin PBXVariantGroup section */
		AA8C0F461EFE6625005864BE /* Main.storyboard */ = {
			isa = PBXVariantGroup;
			children = (
				AA8C0F471EFE6625005864BE /* Base */,
			);
			name = Main.storyboard;
			sourceTree = "<group>";
		};
		AA8C0F4B1EFE6625005864BE /* LaunchScreen.storyboard */ = {
			isa = PBXVariantGroup;
			children = (
				AA8C0F4C1EFE6625005864BE /* Base */,
			);
			name = LaunchScreen.storyboard;
			sourceTree = "<group>";
		};
/* End PBXVariantGroup section */

/* Begin XCBuildConfiguration section */
		AA8C0F4F1EFE6625005864BE /* Debug */ = {
			isa = XCBuildConfiguration;
			buildSettings = {
				ALWAYS_SEARCH_USER_PATHS = NO;
				CLANG_ANALYZER_NONNULL = YES;
				CLANG_ANALYZER_NUMBER_OBJECT_CONVERSION = YES_AGGRESSIVE;
				CLANG_CXX_LANGUAGE_STANDARD = "gnu++14";
				CLANG_CXX_LIBRARY = "libc++";
				CLANG_ENABLE_MODULES = YES;
				CLANG_ENABLE_OBJC_ARC = YES;
				CLANG_WARN_BLOCK_CAPTURE_AUTORELEASING = YES;
				CLANG_WARN_BOOL_CONVERSION = YES;
				CLANG_WARN_COMMA = YES;
				CLANG_WARN_CONSTANT_CONVERSION = YES;
				CLANG_WARN_DEPRECATED_OBJC_IMPLEMENTATIONS = YES;
				CLANG_WARN_DIRECT_OBJC_ISA_USAGE = YES_ERROR;
				CLANG_WARN_DOCUMENTATION_COMMENTS = YES;
				CLANG_WARN_EMPTY_BODY = YES;
				CLANG_WARN_ENUM_CONVERSION = YES;
				CLANG_WARN_INFINITE_RECURSION = YES;
				CLANG_WARN_INT_CONVERSION = YES;
				CLANG_WARN_NON_LITERAL_NULL_CONVERSION = YES;
				CLANG_WARN_OBJC_IMPLICIT_RETAIN_SELF = YES;
				CLANG_WARN_OBJC_LITERAL_CONVERSION = YES;
				CLANG_WARN_OBJC_ROOT_CLASS = YES_ERROR;
				CLANG_WARN_RANGE_LOOP_ANALYSIS = YES;
				CLANG_WARN_STRICT_PROTOTYPES = YES;
				CLANG_WARN_SUSPICIOUS_MOVE = YES;
				CLANG_WARN_UNGUARDED_AVAILABILITY = YES_AGGRESSIVE;
				CLANG_WARN_UNREACHABLE_CODE = YES;
				CLANG_WARN__DUPLICATE_METHOD_MATCH = YES;
				CODE_SIGN_IDENTITY = "iPhone Developer";
				COPY_PHASE_STRIP = NO;
				DEBUG_INFORMATION_FORMAT = dwarf;
				ENABLE_STRICT_OBJC_MSGSEND = YES;
				ENABLE_TESTABILITY = YES;
				GCC_C_LANGUAGE_STANDARD = gnu11;
				GCC_DYNAMIC_NO_PIC = NO;
				GCC_NO_COMMON_BLOCKS = YES;
				GCC_OPTIMIZATION_LEVEL = 0;
				GCC_PREPROCESSOR_DEFINITIONS = (
					"DEBUG=1",
					"$(inherited)",
				);
				GCC_WARN_64_TO_32_BIT_CONVERSION = YES;
				GCC_WARN_ABOUT_RETURN_TYPE = YES_ERROR;
				GCC_WARN_UNDECLARED_SELECTOR = YES;
				GCC_WARN_UNINITIALIZED_AUTOS = YES_AGGRESSIVE;
				GCC_WARN_UNUSED_FUNCTION = YES;
				GCC_WARN_UNUSED_VARIABLE = YES;
				IPHONEOS_DEPLOYMENT_TARGET = 11.0;
				MTL_ENABLE_DEBUG_INFO = YES;
				ONLY_ACTIVE_ARCH = YES;
				SDKROOT = iphoneos;
				SWIFT_ACTIVE_COMPILATION_CONDITIONS = DEBUG;
				SWIFT_OPTIMIZATION_LEVEL = "-Onone";
			};
			name = Debug;
		};
		AA8C0F501EFE6625005864BE /* Release */ = {
			isa = XCBuildConfiguration;
			buildSettings = {
				ALWAYS_SEARCH_USER_PATHS = NO;
				CLANG_ANALYZER_NONNULL = YES;
				CLANG_ANALYZER_NUMBER_OBJECT_CONVERSION = YES_AGGRESSIVE;
				CLANG_CXX_LANGUAGE_STANDARD = "gnu++14";
				CLANG_CXX_LIBRARY = "libc++";
				CLANG_ENABLE_MODULES = YES;
				CLANG_ENABLE_OBJC_ARC = YES;
				CLANG_WARN_BLOCK_CAPTURE_AUTORELEASING = YES;
				CLANG_WARN_BOOL_CONVERSION = YES;
				CLANG_WARN_COMMA = YES;
				CLANG_WARN_CONSTANT_CONVERSION = YES;
				CLANG_WARN_DEPRECATED_OBJC_IMPLEMENTATIONS = YES;
				CLANG_WARN_DIRECT_OBJC_ISA_USAGE = YES_ERROR;
				CLANG_WARN_DOCUMENTATION_COMMENTS = YES;
				CLANG_WARN_EMPTY_BODY = YES;
				CLANG_WARN_ENUM_CONVERSION = YES;
				CLANG_WARN_INFINITE_RECURSION = YES;
				CLANG_WARN_INT_CONVERSION = YES;
				CLANG_WARN_NON_LITERAL_NULL_CONVERSION = YES;
				CLANG_WARN_OBJC_IMPLICIT_RETAIN_SELF = YES;
				CLANG_WARN_OBJC_LITERAL_CONVERSION = YES;
				CLANG_WARN_OBJC_ROOT_CLASS = YES_ERROR;
				CLANG_WARN_RANGE_LOOP_ANALYSIS = YES;
				CLANG_WARN_STRICT_PROTOTYPES = YES;
				CLANG_WARN_SUSPICIOUS_MOVE = YES;
				CLANG_WARN_UNGUARDED_AVAILABILITY = YES_AGGRESSIVE;
				CLANG_WARN_UNREACHABLE_CODE = YES;
				CLANG_WARN__DUPLICATE_METHOD_MATCH = YES;
				CODE_SIGN_IDENTITY = "iPhone Developer";
				COPY_PHASE_STRIP = NO;
				DEBUG_INFORMATION_FORMAT = "dwarf-with-dsym";
				ENABLE_NS_ASSERTIONS = NO;
				ENABLE_STRICT_OBJC_MSGSEND = YES;
				GCC_C_LANGUAGE_STANDARD = gnu11;
				GCC_NO_COMMON_BLOCKS = YES;
				GCC_WARN_64_TO_32_BIT_CONVERSION = YES;
				GCC_WARN_ABOUT_RETURN_TYPE = YES_ERROR;
				GCC_WARN_UNDECLARED_SELECTOR = YES;
				GCC_WARN_UNINITIALIZED_AUTOS = YES_AGGRESSIVE;
				GCC_WARN_UNUSED_FUNCTION = YES;
				GCC_WARN_UNUSED_VARIABLE = YES;
				IPHONEOS_DEPLOYMENT_TARGET = 11.0;
				MTL_ENABLE_DEBUG_INFO = NO;
				SDKROOT = iphoneos;
				SWIFT_OPTIMIZATION_LEVEL = "-Owholemodule";
				VALIDATE_PRODUCT = YES;
			};
			name = Release;
		};
		AA8C0F521EFE6625005864BE /* Debug */ = {
			isa = XCBuildConfiguration;
			baseConfigurationReference = EEB77682E5E2B4FD16B0742D /* Pods-HealthKit-Test.debug.xcconfig */;
			buildSettings = {
				ASSETCATALOG_COMPILER_APPICON_NAME = AppIcon;
				CODE_SIGN_ENTITLEMENTS = "HealthKit-Test/HealthKit-Test.entitlements";
				DEVELOPMENT_TEAM = 22648A4K3P;
				INFOPLIST_FILE = "HealthKit-Test/Info.plist";
				LD_RUNPATH_SEARCH_PATHS = "$(inherited) @executable_path/Frameworks";
				PRODUCT_BUNDLE_IDENTIFIER = "eu.trease.healthkit-test-v3.HealthKit-Test";
				PRODUCT_NAME = "$(TARGET_NAME)";
				SWIFT_VERSION = 4.0;
				TARGETED_DEVICE_FAMILY = "1,2";
			};
			name = Debug;
		};
		AA8C0F531EFE6625005864BE /* Release */ = {
			isa = XCBuildConfiguration;
			baseConfigurationReference = B3FEF9810478BB49DED6CF9A /* Pods-HealthKit-Test.release.xcconfig */;
			buildSettings = {
				ASSETCATALOG_COMPILER_APPICON_NAME = AppIcon;
				CODE_SIGN_ENTITLEMENTS = "HealthKit-Test/HealthKit-Test.entitlements";
				DEVELOPMENT_TEAM = 22648A4K3P;
				INFOPLIST_FILE = "HealthKit-Test/Info.plist";
				LD_RUNPATH_SEARCH_PATHS = "$(inherited) @executable_path/Frameworks";
				PRODUCT_BUNDLE_IDENTIFIER = "eu.trease.healthkit-test-v3.HealthKit-Test";
				PRODUCT_NAME = "$(TARGET_NAME)";
				SWIFT_VERSION = 4.0;
				TARGETED_DEVICE_FAMILY = "1,2";
			};
			name = Release;
		};
/* End XCBuildConfiguration section */

/* Begin XCConfigurationList section */
		AA8C0F3A1EFE6625005864BE /* Build configuration list for PBXProject "HealthKit-Test" */ = {
			isa = XCConfigurationList;
			buildConfigurations = (
				AA8C0F4F1EFE6625005864BE /* Debug */,
				AA8C0F501EFE6625005864BE /* Release */,
			);
			defaultConfigurationIsVisible = 0;
			defaultConfigurationName = Release;
		};
		AA8C0F511EFE6625005864BE /* Build configuration list for PBXNativeTarget "HealthKit-Test" */ = {
			isa = XCConfigurationList;
			buildConfigurations = (
				AA8C0F521EFE6625005864BE /* Debug */,
				AA8C0F531EFE6625005864BE /* Release */,
			);
			defaultConfigurationIsVisible = 0;
			defaultConfigurationName = Release;
		};
/* End XCConfigurationList section */
	};
	rootObject = AA8C0F371EFE6625005864BE /* Project object */;
}
